
Microsoft Visual Studio Solution File, Format Version 12.00
# Visual Studio Version 17
VisualStudioVersion = 17.8.34316.72
MinimumVisualStudioVersion = 10.0.40219.1
Project("{FAE04EC0-301F-11D3-BF4B-00C04F79EFBC}") = "WinFormsApp19", "WinFormsApp19\WinFormsApp19.csproj", "{2898B413-771C-487D-BE18-BFC2638A3B0D}"
EndProject
Global
	GlobalSection(SolutionConfigurationPlatforms) = preSolution
		Debug|Any CPU = Debug|Any CPU
		Release|Any CPU = Release|Any CPU
	EndGlobalSection
	GlobalSection(ProjectConfigurationPlatforms) = postSolution
		{2898B413-771C-487D-BE18-BFC2638A3B0D}.Debug|Any CPU.ActiveCfg = Debug|Any CPU
		{2898B413-771C-487D-BE18-BFC2638A3B0D}.Debug|Any CPU.Build.0 = Debug|Any CPU
		{2898B413-771C-487D-BE18-BFC2638A3B0D}.Release|Any CPU.ActiveCfg = Release|Any CPU
		{2898B413-771C-487D-BE18-BFC2638A3B0D}.Release|Any CPU.Build.0 = Release|Any CPU
	EndGlobalSection
	GlobalSection(SolutionProperties) = preSolution
		HideSolutionNode = FALSE
	EndGlobalSection
	GlobalSection(ExtensibilityGlobals) = postSolution
		SolutionGuid = {98D35992-878C-4EBE-833F-02A48AE11307}
	EndGlobalSection
EndGlobal
